
Microsoft Visual Studio Solution File, Format Version 12.00
# Visual Studio Version 16
VisualStudioVersion = 16.0.29503.13
MinimumVisualStudioVersion = 10.0.40219.1
Project("{8BC9CEB8-8B4A-11D0-8D11-00A0C91BC942}") = "Expand", "Expand.vcxproj", "{B3BCC20E-D4C6-4662-A1D5-A10C064CDF81}"
EndProject
Global
	GlobalSection(SolutionConfigurationPlatforms) = preSolution
		Debug|x64 = Debug|x64
		Debug|x86 = Debug|x86
		Release|x64 = Release|x64
		Release|x86 = Release|x86
	EndGlobalSection
	GlobalSection(ProjectConfigurationPlatforms) = postSolution
		{B3BCC20E-D4C6-4662-A1D5-A10C064CDF81}.Debug|x64.ActiveCfg = Debug|x64
		{B3BCC20E-D4C6-4662-A1D5-A10C064CDF81}.Debug|x64.Build.0 = Debug|x64
		{B3BCC20E-D4C6-4662-A1D5-A10C064CDF81}.Debug|x86.ActiveCfg = Debug|Win32
		{B3BCC20E-D4C6-4662-A1D5-A10C064CDF81}.Debug|x86.Build.0 = Debug|Win32
		{B3BCC20E-D4C6-4662-A1D5-A10C064CDF81}.Release|x64.ActiveCfg = Release|x64
		{B3BCC20E-D4C6-4662-A1D5-A10C064CDF81}.Release|x64.Build.0 = Release|x64
		{B3BCC20E-D4C6-4662-A1D5-A10C064CDF81}.Release|x86.ActiveCfg = Release|Win32
		{B3BCC20E-D4C6-4662-A1D5-A10C064CDF81}.Release|x86.Build.0 = Release|Win32
	EndGlobalSection
	GlobalSection(SolutionProperties) = preSolution
		HideSolutionNode = FALSE
	EndGlobalSection
	GlobalSection(ExtensibilityGlobals) = postSolution
		SolutionGuid = {6649E59F-F766-4C51-8DA5-89CA8D16B322}
	EndGlobalSection
EndGlobal
